
Microsoft Visual Studio Solution File, Format Version 12.00
# Visual Studio 14
VisualStudioVersion = 14.0.25420.1
MinimumVisualStudioVersion = 10.0.40219.1
Project("{FAE04EC0-301F-11D3-BF4B-00C04F79EFBC}") = "BMS.DA", "BMS.DA\BMS.DA.csproj", "{131D1D92-ED30-4BF8-AF7B-D1EDE1F89CB2}"
EndProject
Project("{FAE04EC0-301F-11D3-BF4B-00C04F79EFBC}") = "BMS.Client", "BMS.Client\BMS.Client.csproj", "{19759FCA-3C41-448C-9159-A14A55413C55}"
EndProject
Project("{FAE04EC0-301F-11D3-BF4B-00C04F79EFBC}") = "BMS.Kassa", "BMS.Kassa\BMS.Kassa.csproj", "{730D63C5-EC5C-43BB-8DAD-093040F94CCC}"
EndProject
Project("{FAE04EC0-301F-11D3-BF4B-00C04F79EFBC}") = "BMS.WCF", "BMS.WCF\BMS.WCF.csproj", "{D2A7BC4B-9E8C-4622-9AEA-361D8E8EA252}"
EndProject
Project("{FAE04EC0-301F-11D3-BF4B-00C04F79EFBC}") = "BMS.Holder", "BMS.Holder\BMS.Holder.csproj", "{A519B3EC-9513-42A8-AEAE-DF7D9F3B28AF}"
EndProject
Global
	GlobalSection(SolutionConfigurationPlatforms) = preSolution
		Debug|Any CPU = Debug|Any CPU
		Release|Any CPU = Release|Any CPU
	EndGlobalSection
	GlobalSection(ProjectConfigurationPlatforms) = postSolution
		{131D1D92-ED30-4BF8-AF7B-D1EDE1F89CB2}.Debug|Any CPU.ActiveCfg = Debug|Any CPU
		{131D1D92-ED30-4BF8-AF7B-D1EDE1F89CB2}.Debug|Any CPU.Build.0 = Debug|Any CPU
		{131D1D92-ED30-4BF8-AF7B-D1EDE1F89CB2}.Release|Any CPU.ActiveCfg = Release|Any CPU
		{131D1D92-ED30-4BF8-AF7B-D1EDE1F89CB2}.Release|Any CPU.Build.0 = Release|Any CPU
		{19759FCA-3C41-448C-9159-A14A55413C55}.Debug|Any CPU.ActiveCfg = Debug|Any CPU
		{19759FCA-3C41-448C-9159-A14A55413C55}.Debug|Any CPU.Build.0 = Debug|Any CPU
		{19759FCA-3C41-448C-9159-A14A55413C55}.Release|Any CPU.ActiveCfg = Release|Any CPU
		{19759FCA-3C41-448C-9159-A14A55413C55}.Release|Any CPU.Build.0 = Release|Any CPU
		{730D63C5-EC5C-43BB-8DAD-093040F94CCC}.Debug|Any CPU.ActiveCfg = Debug|Any CPU
		{730D63C5-EC5C-43BB-8DAD-093040F94CCC}.Debug|Any CPU.Build.0 = Debug|Any CPU
		{730D63C5-EC5C-43BB-8DAD-093040F94CCC}.Release|Any CPU.ActiveCfg = Release|Any CPU
		{730D63C5-EC5C-43BB-8DAD-093040F94CCC}.Release|Any CPU.Build.0 = Release|Any CPU
		{D2A7BC4B-9E8C-4622-9AEA-361D8E8EA252}.Debug|Any CPU.ActiveCfg = Debug|Any CPU
		{D2A7BC4B-9E8C-4622-9AEA-361D8E8EA252}.Debug|Any CPU.Build.0 = Debug|Any CPU
		{D2A7BC4B-9E8C-4622-9AEA-361D8E8EA252}.Release|Any CPU.ActiveCfg = Release|Any CPU
		{D2A7BC4B-9E8C-4622-9AEA-361D8E8EA252}.Release|Any CPU.Build.0 = Release|Any CPU
		{A519B3EC-9513-42A8-AEAE-DF7D9F3B28AF}.Debug|Any CPU.ActiveCfg = Debug|Any CPU
		{A519B3EC-9513-42A8-AEAE-DF7D9F3B28AF}.Debug|Any CPU.Build.0 = Debug|Any CPU
		{A519B3EC-9513-42A8-AEAE-DF7D9F3B28AF}.Release|Any CPU.ActiveCfg = Release|Any CPU
		{A519B3EC-9513-42A8-AEAE-DF7D9F3B28AF}.Release|Any CPU.Build.0 = Release|Any CPU
	EndGlobalSection
	GlobalSection(SolutionProperties) = preSolution
		HideSolutionNode = FALSE
	EndGlobalSection
EndGlobal
